
Microsoft Visual Studio Solution File, Format Version 12.00
# Visual Studio Version 17
VisualStudioVersion = 17.0.31903.59
MinimumVisualStudioVersion = 10.0.40219.1
Project("{FAE04EC0-301F-11D3-BF4B-00C04F79EFBC}") = "CodeACar", "CodeACar\CodeACar.csproj", "{56A60D6A-B828-4D4D-846C-5F3A4D7845DE}"
EndProject
Global
	GlobalSection(SolutionConfigurationPlatforms) = preSolution
		Debug|Any CPU = Debug|Any CPU
		Release|Any CPU = Release|Any CPU
	EndGlobalSection
	GlobalSection(ProjectConfigurationPlatforms) = postSolution
		{56A60D6A-B828-4D4D-846C-5F3A4D7845DE}.Debug|Any CPU.ActiveCfg = Debug|Any CPU
		{56A60D6A-B828-4D4D-846C-5F3A4D7845DE}.Debug|Any CPU.Build.0 = Debug|Any CPU
		{56A60D6A-B828-4D4D-846C-5F3A4D7845DE}.Release|Any CPU.ActiveCfg = Release|Any CPU
		{56A60D6A-B828-4D4D-846C-5F3A4D7845DE}.Release|Any CPU.Build.0 = Release|Any CPU
	EndGlobalSection
	GlobalSection(SolutionProperties) = preSolution
		HideSolutionNode = FALSE
	EndGlobalSection
	GlobalSection(ExtensibilityGlobals) = postSolution
		SolutionGuid = {D1A59435-CA9D-4AB9-AD5B-BA7101441160}
	EndGlobalSection
EndGlobal
